// !$*UTF8*$!
{
	archiveVersion = 1;
	classes = {
	};
	objectVersion = 50;
	objects = {

/* Begin PBXBuildFile section */
		941E6DA721BD5BBF00BAC759 /* main.cpp in Sources */ = {isa = PBXBuildFile; fileRef = 941E6DA621BD5BBF00BAC759 /* main.cpp */; };
		94BF046621BD603A00DDB070 /* main.cpp in Sources */ = {isa = PBXBuildFile; fileRef = 94BF046521BD603A00DDB070 /* main.cpp */; };
/* End PBXBuildFile section */

/* Begin PBXCopyFilesBuildPhase section */
		941E6D8C21BD5B9000BAC759 /* CopyFiles */ = {
			isa = PBXCopyFilesBuildPhase;
			buildActionMask = 2147483647;
			dstPath = /usr/share/man/man1/;
			dstSubfolderSpec = 0;
			files = (
			);
			runOnlyForDeploymentPostprocessing = 1;
		};
		941E6D9721BD5BAA00BAC759 /* CopyFiles */ = {
			isa = PBXCopyFilesBuildPhase;
			buildActionMask = 2147483647;
			dstPath = /usr/share/man/man1/;
			dstSubfolderSpec = 0;
			files = (
			);
			runOnlyForDeploymentPostprocessing = 1;
		};
		941E6DA221BD5BBF00BAC759 /* CopyFiles */ = {
			isa = PBXCopyFilesBuildPhase;
			buildActionMask = 2147483647;
			dstPath = /usr/share/man/man1/;
			dstSubfolderSpec = 0;
			files = (
			);
			runOnlyForDeploymentPostprocessing = 1;
		};
		94BF046121BD603A00DDB070 /* CopyFiles */ = {
			isa = PBXCopyFilesBuildPhase;
			buildActionMask = 2147483647;
			dstPath = /usr/share/man/man1/;
			dstSubfolderSpec = 0;
			files = (
			);
			runOnlyForDeploymentPostprocessing = 1;
		};
		94D95E2621BC5E4A00800868 /* CopyFiles */ = {
			isa = PBXCopyFilesBuildPhase;
			buildActionMask = 2147483647;
			dstPath = /usr/share/man/man1/;
			dstSubfolderSpec = 0;
			files = (
			);
			runOnlyForDeploymentPostprocessing = 1;
		};
/* End PBXCopyFilesBuildPhase section */

/* Begin PBXFileReference section */
		941E6D9921BD5BAA00BAC759 /* 1.2 Tweets - Templates */ = {isa = PBXFileReference; explicitFileType = "compiled.mach-o.executable"; includeInIndex = 0; path = "1.2 Tweets - Templates"; sourceTree = BUILT_PRODUCTS_DIR; };
		941E6D9B21BD5BAA00BAC759 /* main.cpp */ = {isa = PBXFileReference; lastKnownFileType = sourcecode.cpp.cpp; path = main.cpp; sourceTree = "<group>"; };
		941E6DA421BD5BBF00BAC759 /* 1.3 Tweets - Realisierung */ = {isa = PBXFileReference; explicitFileType = "compiled.mach-o.executable"; includeInIndex = 0; path = "1.3 Tweets - Realisierung"; sourceTree = BUILT_PRODUCTS_DIR; };
		941E6DA621BD5BBF00BAC759 /* main.cpp */ = {isa = PBXFileReference; lastKnownFileType = sourcecode.cpp.cpp; path = main.cpp; sourceTree = "<group>"; };
		94BF045D21BD5E2800DDB070 /* Algorithmen_und_Datenstrukturen */ = {isa = PBXFileReference; explicitFileType = "compiled.mach-o.executable"; includeInIndex = 0; path = Algorithmen_und_Datenstrukturen; sourceTree = BUILT_PRODUCTS_DIR; };
		94BF045E21BD5E2800DDB070 /* 1.1 Tweets - Methoden */ = {isa = PBXFileReference; explicitFileType = "compiled.mach-o.executable"; includeInIndex = 0; name = "1.1 Tweets - Methoden"; path = "/Users/norman/Documents/Algorithmen_und_Datenstrukturen/build/Debug/1.1 Tweets - Methoden"; sourceTree = "<absolute>"; };
		94BF046321BD603A00DDB070 /* 1.1 Tweets - Klassen */ = {isa = PBXFileReference; explicitFileType = "compiled.mach-o.executable"; includeInIndex = 0; path = "1.1 Tweets - Klassen"; sourceTree = BUILT_PRODUCTS_DIR; };
		94BF046521BD603A00DDB070 /* main.cpp */ = {isa = PBXFileReference; lastKnownFileType = sourcecode.cpp.cpp; path = main.cpp; sourceTree = "<group>"; };
/* End PBXFileReference section */

/* Begin PBXFrameworksBuildPhase section */
		941E6D8B21BD5B9000BAC759 /* Frameworks */ = {
			isa = PBXFrameworksBuildPhase;
			buildActionMask = 2147483647;
			files = (
			);
			runOnlyForDeploymentPostprocessing = 0;
		};
		941E6D9621BD5BAA00BAC759 /* Frameworks */ = {
			isa = PBXFrameworksBuildPhase;
			buildActionMask = 2147483647;
			files = (
			);
			runOnlyForDeploymentPostprocessing = 0;
		};
		941E6DA121BD5BBF00BAC759 /* Frameworks */ = {
			isa = PBXFrameworksBuildPhase;
			buildActionMask = 2147483647;
			files = (
			);
			runOnlyForDeploymentPostprocessing = 0;
		};
		94BF046021BD603A00DDB070 /* Frameworks */ = {
			isa = PBXFrameworksBuildPhase;
			buildActionMask = 2147483647;
			files = (
			);
			runOnlyForDeploymentPostprocessing = 0;
		};
		94D95E2521BC5E4A00800868 /* Frameworks */ = {
			isa = PBXFrameworksBuildPhase;
			buildActionMask = 2147483647;
			files = (
			);
			runOnlyForDeploymentPostprocessing = 0;
		};
/* End PBXFrameworksBuildPhase section */

/* Begin PBXGroup section */
		941E6D9A21BD5BAA00BAC759 /* 1.2 Tweets - Templates */ = {
			isa = PBXGroup;
			children = (
				941E6D9B21BD5BAA00BAC759 /* main.cpp */,
			);
			path = "1.2 Tweets - Templates";
			sourceTree = "<group>";
		};
		941E6DA521BD5BBF00BAC759 /* 1.3 Tweets - Realisierung */ = {
			isa = PBXGroup;
			children = (
				941E6DA621BD5BBF00BAC759 /* main.cpp */,
			);
			path = "1.3 Tweets - Realisierung";
			sourceTree = "<group>";
		};
		94BF046421BD603A00DDB070 /* 1.1 Tweets - Klassen */ = {
			isa = PBXGroup;
			children = (
				94BF046521BD603A00DDB070 /* main.cpp */,
			);
			path = "1.1 Tweets - Klassen";
			sourceTree = "<group>";
		};
		94D95E1F21BC5E4A00800868 = {
			isa = PBXGroup;
			children = (
				94BF046421BD603A00DDB070 /* 1.1 Tweets - Klassen */,
				941E6D9A21BD5BAA00BAC759 /* 1.2 Tweets - Templates */,
				941E6DA521BD5BBF00BAC759 /* 1.3 Tweets - Realisierung */,
				94BF045D21BD5E2800DDB070 /* Algorithmen_und_Datenstrukturen */,
				941E6DA421BD5BBF00BAC759 /* 1.3 Tweets - Realisierung */,
				941E6D9921BD5BAA00BAC759 /* 1.2 Tweets - Templates */,
				94BF046321BD603A00DDB070 /* 1.1 Tweets - Klassen */,
			);
			sourceTree = "<group>";
		};
/* End PBXGroup section */

/* Begin PBXNativeTarget section */
		941E6D8D21BD5B9000BAC759 /* 1.1 Tweets - Methoden */ = {
			isa = PBXNativeTarget;
			buildConfigurationList = 941E6D9221BD5B9000BAC759 /* Build configuration list for PBXNativeTarget "1.1 Tweets - Methoden" */;
			buildPhases = (
				941E6D8A21BD5B9000BAC759 /* Sources */,
				941E6D8B21BD5B9000BAC759 /* Frameworks */,
				941E6D8C21BD5B9000BAC759 /* CopyFiles */,
			);
			buildRules = (
			);
			dependencies = (
			);
			name = "1.1 Tweets - Methoden";
			productName = "1.1 Tweets - Methoden";
			productReference = 94BF045E21BD5E2800DDB070 /* 1.1 Tweets - Methoden */;
			productType = "com.apple.product-type.tool";
		};
		941E6D9821BD5BAA00BAC759 /* 1.2 Tweets - Templates */ = {
			isa = PBXNativeTarget;
			buildConfigurationList = 941E6D9D21BD5BAA00BAC759 /* Build configuration list for PBXNativeTarget "1.2 Tweets - Templates" */;
			buildPhases = (
				941E6D9521BD5BAA00BAC759 /* Sources */,
				941E6D9621BD5BAA00BAC759 /* Frameworks */,
				941E6D9721BD5BAA00BAC759 /* CopyFiles */,
			);
			buildRules = (
			);
			dependencies = (
			);
			name = "1.2 Tweets - Templates";
			productName = "1.2 Tweets - Templates";
			productReference = 941E6D9921BD5BAA00BAC759 /* 1.2 Tweets - Templates */;
			productType = "com.apple.product-type.tool";
		};
		941E6DA321BD5BBF00BAC759 /* 1.3 Tweets - Realisierung */ = {
			isa = PBXNativeTarget;
			buildConfigurationList = 941E6DA821BD5BBF00BAC759 /* Build configuration list for PBXNativeTarget "1.3 Tweets - Realisierung" */;
			buildPhases = (
				941E6DA021BD5BBF00BAC759 /* Sources */,
				941E6DA121BD5BBF00BAC759 /* Frameworks */,
				941E6DA221BD5BBF00BAC759 /* CopyFiles */,
			);
			buildRules = (
			);
			dependencies = (
			);
			name = "1.3 Tweets - Realisierung";
			productName = "1.3 Tweets - Realisierung";
			productReference = 941E6DA421BD5BBF00BAC759 /* 1.3 Tweets - Realisierung */;
			productType = "com.apple.product-type.tool";
		};
		94BF046221BD603A00DDB070 /* 1.1 Tweets - Klassen */ = {
			isa = PBXNativeTarget;
			buildConfigurationList = 94BF046721BD603A00DDB070 /* Build configuration list for PBXNativeTarget "1.1 Tweets - Klassen" */;
			buildPhases = (
				94BF045F21BD603A00DDB070 /* Sources */,
				94BF046021BD603A00DDB070 /* Frameworks */,
				94BF046121BD603A00DDB070 /* CopyFiles */,
			);
			buildRules = (
			);
			dependencies = (
			);
			name = "1.1 Tweets - Klassen";
			productName = "1.1 Tweets - Klassen";
			productReference = 94BF046321BD603A00DDB070 /* 1.1 Tweets - Klassen */;
			productType = "com.apple.product-type.tool";
		};
		94D95E2721BC5E4A00800868 /* Algorithmen_und_Datenstrukturen */ = {
			isa = PBXNativeTarget;
			buildConfigurationList = 94D95E2F21BC5E4A00800868 /* Build configuration list for PBXNativeTarget "Algorithmen_und_Datenstrukturen" */;
			buildPhases = (
				94D95E2421BC5E4A00800868 /* Sources */,
				94D95E2521BC5E4A00800868 /* Frameworks */,
				94D95E2621BC5E4A00800868 /* CopyFiles */,
			);
			buildRules = (
			);
			dependencies = (
			);
			name = Algorithmen_und_Datenstrukturen;
			productName = Algorithmen_und_Datenstrukturen;
			productReference = 94BF045D21BD5E2800DDB070 /* Algorithmen_und_Datenstrukturen */;
			productType = "com.apple.product-type.tool";
		};
/* End PBXNativeTarget section */

/* Begin PBXProject section */
		94D95E2021BC5E4A00800868 /* Project object */ = {
			isa = PBXProject;
			attributes = {
				LastUpgradeCheck = 1010;
				ORGANIZATIONNAME = "Norman Olejnik";
				TargetAttributes = {
					941E6D8D21BD5B9000BAC759 = {
						CreatedOnToolsVersion = 10.1;
					};
					941E6D9821BD5BAA00BAC759 = {
						CreatedOnToolsVersion = 10.1;
					};
					941E6DA321BD5BBF00BAC759 = {
						CreatedOnToolsVersion = 10.1;
					};
					94BF046221BD603A00DDB070 = {
						CreatedOnToolsVersion = 10.1;
					};
					94D95E2721BC5E4A00800868 = {
						CreatedOnToolsVersion = 10.1;
					};
				};
			};
			buildConfigurationList = 94D95E2321BC5E4A00800868 /* Build configuration list for PBXProject "Algorithmen_und_Datenstrukturen" */;
			compatibilityVersion = "Xcode 9.3";
			developmentRegion = en;
			hasScannedForEncodings = 0;
			knownRegions = (
				en,
			);
			mainGroup = 94D95E1F21BC5E4A00800868;
			productRefGroup = 94D95E1F21BC5E4A00800868;
			projectDirPath = "";
			projectRoot = "";
			targets = (
				94D95E2721BC5E4A00800868 /* Algorithmen_und_Datenstrukturen */,
				941E6D8D21BD5B9000BAC759 /* 1.1 Tweets - Methoden */,
				941E6D9821BD5BAA00BAC759 /* 1.2 Tweets - Templates */,
				941E6DA321BD5BBF00BAC759 /* 1.3 Tweets - Realisierung */,
				94BF046221BD603A00DDB070 /* 1.1 Tweets - Klassen */,
			);
		};
/* End PBXProject section */

/* Begin PBXSourcesBuildPhase section */
		941E6D8A21BD5B9000BAC759 /* Sources */ = {
			isa = PBXSourcesBuildPhase;
			buildActionMask = 2147483647;
			files = (
			);
			runOnlyForDeploymentPostprocessing = 0;
		};
		941E6D9521BD5BAA00BAC759 /* Sources */ = {
			isa = PBXSourcesBuildPhase;
			buildActionMask = 2147483647;
			files = (
			);
			runOnlyForDeploymentPostprocessing = 0;
		};
		941E6DA021BD5BBF00BAC759 /* Sources */ = {
			isa = PBXSourcesBuildPhase;
			buildActionMask = 2147483647;
			files = (
				941E6DA721BD5BBF00BAC759 /* main.cpp in Sources */,
			);
			runOnlyForDeploymentPostprocessing = 0;
		};
		94BF045F21BD603A00DDB070 /* Sources */ = {
			isa = PBXSourcesBuildPhase;
			buildActionMask = 2147483647;
			files = (
				94BF046621BD603A00DDB070 /* main.cpp in Sources */,
			);
			runOnlyForDeploymentPostprocessing = 0;
		};
		94D95E2421BC5E4A00800868 /* Sources */ = {
			isa = PBXSourcesBuildPhase;
			buildActionMask = 2147483647;
			files = (
			);
			runOnlyForDeploymentPostprocessing = 0;
		};
/* End PBXSourcesBuildPhase section */

/* Begin XCBuildConfiguration section */
		941E6D9321BD5B9000BAC759 /* Debug */ = {
			isa = XCBuildConfiguration;
			buildSettings = {
				CODE_SIGN_STYLE = Automatic;
				DEVELOPMENT_TEAM = 5PCWGFPQ48;
				PRODUCT_NAME = "$(TARGET_NAME)";
			};
			name = Debug;
		};
		941E6D9421BD5B9000BAC759 /* Release */ = {
			isa = XCBuildConfiguration;
			buildSettings = {
				CODE_SIGN_STYLE = Automatic;
				DEVELOPMENT_TEAM = 5PCWGFPQ48;
				PRODUCT_NAME = "$(TARGET_NAME)";
			};
			name = Release;
		};
		941E6D9E21BD5BAA00BAC759 /* Debug */ = {
			isa = XCBuildConfiguration;
			buildSettings = {
				CODE_SIGN_STYLE = Automatic;
				DEVELOPMENT_TEAM = 5PCWGFPQ48;
				PRODUCT_NAME = "$(TARGET_NAME)";
			};
			name = Debug;
		};
		941E6D9F21BD5BAA00BAC759 /* Release */ = {
			isa = XCBuildConfiguration;
			buildSettings = {
				CODE_SIGN_STYLE = Automatic;
				DEVELOPMENT_TEAM = 5PCWGFPQ48;
				PRODUCT_NAME = "$(TARGET_NAME)";
			};
			name = Release;
		};
		941E6DA921BD5BBF00BAC759 /* Debug */ = {
			isa = XCBuildConfiguration;
			buildSettings = {
				CODE_SIGN_STYLE = Automatic;
				DEVELOPMENT_TEAM = 5PCWGFPQ48;
				PRODUCT_NAME = "$(TARGET_NAME)";
			};
			name = Debug;
		};
		941E6DAA21BD5BBF00BAC759 /* Release */ = {
			isa = XCBuildConfiguration;
			buildSettings = {
				CODE_SIGN_STYLE = Automatic;
				DEVELOPMENT_TEAM = 5PCWGFPQ48;
				PRODUCT_NAME = "$(TARGET_NAME)";
			};
			name = Release;
		};
		94BF046821BD603A00DDB070 /* Debug */ = {
			isa = XCBuildConfiguration;
			buildSettings = {
				CODE_SIGN_STYLE = Automatic;
				DEVELOPMENT_TEAM = 5PCWGFPQ48;
				PRODUCT_NAME = "$(TARGET_NAME)";
			};
			name = Debug;
		};
		94BF046921BD603A00DDB070 /* Release */ = {
			isa = XCBuildConfiguration;
			buildSettings = {
				CODE_SIGN_STYLE = Automatic;
				DEVELOPMENT_TEAM = 5PCWGFPQ48;
				PRODUCT_NAME = "$(TARGET_NAME)";
			};
			name = Release;
		};
		94D95E2D21BC5E4A00800868 /* Debug */ = {
			isa = XCBuildConfiguration;
			buildSettings = {
				ALWAYS_SEARCH_USER_PATHS = NO;
				CLANG_ANALYZER_NONNULL = YES;
				CLANG_ANALYZER_NUMBER_OBJECT_CONVERSION = YES_AGGRESSIVE;
				CLANG_CXX_LANGUAGE_STANDARD = "gnu++14";
				CLANG_CXX_LIBRARY = "libc++";
				CLANG_ENABLE_MODULES = YES;
				CLANG_ENABLE_OBJC_ARC = YES;
				CLANG_ENABLE_OBJC_WEAK = YES;
				CLANG_WARN_BLOCK_CAPTURE_AUTORELEASING = YES;
				CLANG_WARN_BOOL_CONVERSION = YES;
				CLANG_WARN_COMMA = YES;
				CLANG_WARN_CONSTANT_CONVERSION = YES;
				CLANG_WARN_DEPRECATED_OBJC_IMPLEMENTATIONS = YES;
				CLANG_WARN_DIRECT_OBJC_ISA_USAGE = YES_ERROR;
				CLANG_WARN_DOCUMENTATION_COMMENTS = YES;
				CLANG_WARN_EMPTY_BODY = YES;
				CLANG_WARN_ENUM_CONVERSION = YES;
				CLANG_WARN_INFINITE_RECURSION = YES;
				CLANG_WARN_INT_CONVERSION = YES;
				CLANG_WARN_NON_LITERAL_NULL_CONVERSION = YES;
				CLANG_WARN_OBJC_IMPLICIT_RETAIN_SELF = YES;
				CLANG_WARN_OBJC_LITERAL_CONVERSION = YES;
				CLANG_WARN_OBJC_ROOT_CLASS = YES_ERROR;
				CLANG_WARN_RANGE_LOOP_ANALYSIS = YES;
				CLANG_WARN_STRICT_PROTOTYPES = YES;
				CLANG_WARN_SUSPICIOUS_MOVE = YES;
				CLANG_WARN_UNGUARDED_AVAILABILITY = YES_AGGRESSIVE;
				CLANG_WARN_UNREACHABLE_CODE = YES;
				CLANG_WARN__DUPLICATE_METHOD_MATCH = YES;
				CODE_SIGN_IDENTITY = "Mac Developer";
				COPY_PHASE_STRIP = NO;
				DEBUG_INFORMATION_FORMAT = dwarf;
				ENABLE_STRICT_OBJC_MSGSEND = YES;
				ENABLE_TESTABILITY = YES;
				GCC_C_LANGUAGE_STANDARD = gnu11;
				GCC_DYNAMIC_NO_PIC = NO;
				GCC_NO_COMMON_BLOCKS = YES;
				GCC_OPTIMIZATION_LEVEL = 0;
				GCC_PREPROCESSOR_DEFINITIONS = (
					"DEBUG=1",
					"$(inherited)",
				);
				GCC_WARN_64_TO_32_BIT_CONVERSION = YES;
				GCC_WARN_ABOUT_RETURN_TYPE = YES_ERROR;
				GCC_WARN_UNDECLARED_SELECTOR = YES;
				GCC_WARN_UNINITIALIZED_AUTOS = YES_AGGRESSIVE;
				GCC_WARN_UNUSED_FUNCTION = YES;
				GCC_WARN_UNUSED_VARIABLE = YES;
				MACOSX_DEPLOYMENT_TARGET = 10.14;
				MTL_ENABLE_DEBUG_INFO = INCLUDE_SOURCE;
				MTL_FAST_MATH = YES;
				ONLY_ACTIVE_ARCH = YES;
				SDKROOT = macosx;
			};
			name = Debug;
		};
		94D95E2E21BC5E4A00800868 /* Release */ = {
			isa = XCBuildConfiguration;
			buildSettings = {
				ALWAYS_SEARCH_USER_PATHS = NO;
				CLANG_ANALYZER_NONNULL = YES;
				CLANG_ANALYZER_NUMBER_OBJECT_CONVERSION = YES_AGGRESSIVE;
				CLANG_CXX_LANGUAGE_STANDARD = "gnu++14";
				CLANG_CXX_LIBRARY = "libc++";
				CLANG_ENABLE_MODULES = YES;
				CLANG_ENABLE_OBJC_ARC = YES;
				CLANG_ENABLE_OBJC_WEAK = YES;
				CLANG_WARN_BLOCK_CAPTURE_AUTORELEASING = YES;
				CLANG_WARN_BOOL_CONVERSION = YES;
				CLANG_WARN_COMMA = YES;
				CLANG_WARN_CONSTANT_CONVERSION = YES;
				CLANG_WARN_DEPRECATED_OBJC_IMPLEMENTATIONS = YES;
				CLANG_WARN_DIRECT_OBJC_ISA_USAGE = YES_ERROR;
				CLANG_WARN_DOCUMENTATION_COMMENTS = YES;
				CLANG_WARN_EMPTY_BODY = YES;
				CLANG_WARN_ENUM_CONVERSION = YES;
				CLANG_WARN_INFINITE_RECURSION = YES;
				CLANG_WARN_INT_CONVERSION = YES;
				CLANG_WARN_NON_LITERAL_NULL_CONVERSION = YES;
				CLANG_WARN_OBJC_IMPLICIT_RETAIN_SELF = YES;
				CLANG_WARN_OBJC_LITERAL_CONVERSION = YES;
				CLANG_WARN_OBJC_ROOT_CLASS = YES_ERROR;
				CLANG_WARN_RANGE_LOOP_ANALYSIS = YES;
				CLANG_WARN_STRICT_PROTOTYPES = YES;
				CLANG_WARN_SUSPICIOUS_MOVE = YES;
				CLANG_WARN_UNGUARDED_AVAILABILITY = YES_AGGRESSIVE;
				CLANG_WARN_UNREACHABLE_CODE = YES;
				CLANG_WARN__DUPLICATE_METHOD_MATCH = YES;
				CODE_SIGN_IDENTITY = "Mac Developer";
				COPY_PHASE_STRIP = NO;
				DEBUG_INFORMATION_FORMAT = "dwarf-with-dsym";
				ENABLE_NS_ASSERTIONS = NO;
				ENABLE_STRICT_OBJC_MSGSEND = YES;
				GCC_C_LANGUAGE_STANDARD = gnu11;
				GCC_NO_COMMON_BLOCKS = YES;
				GCC_WARN_64_TO_32_BIT_CONVERSION = YES;
				GCC_WARN_ABOUT_RETURN_TYPE = YES_ERROR;
				GCC_WARN_UNDECLARED_SELECTOR = YES;
				GCC_WARN_UNINITIALIZED_AUTOS = YES_AGGRESSIVE;
				GCC_WARN_UNUSED_FUNCTION = YES;
				GCC_WARN_UNUSED_VARIABLE = YES;
				MACOSX_DEPLOYMENT_TARGET = 10.14;
				MTL_ENABLE_DEBUG_INFO = NO;
				MTL_FAST_MATH = YES;
				SDKROOT = macosx;
			};
			name = Release;
		};
		94D95E3021BC5E4A00800868 /* Debug */ = {
			isa = XCBuildConfiguration;
			buildSettings = {
				CODE_SIGN_STYLE = Automatic;
				DEVELOPMENT_TEAM = 5PCWGFPQ48;
				PRODUCT_NAME = "$(TARGET_NAME)";
			};
			name = Debug;
		};
		94D95E3121BC5E4A00800868 /* Release */ = {
			isa = XCBuildConfiguration;
			buildSettings = {
				CODE_SIGN_STYLE = Automatic;
				DEVELOPMENT_TEAM = 5PCWGFPQ48;
				PRODUCT_NAME = "$(TARGET_NAME)";
			};
			name = Release;
		};
/* End XCBuildConfiguration section */

/* Begin XCConfigurationList section */
		941E6D9221BD5B9000BAC759 /* Build configuration list for PBXNativeTarget "1.1 Tweets - Methoden" */ = {
			isa = XCConfigurationList;
			buildConfigurations = (
				941E6D9321BD5B9000BAC759 /* Debug */,
				941E6D9421BD5B9000BAC759 /* Release */,
			);
			defaultConfigurationIsVisible = 0;
			defaultConfigurationName = Release;
		};
		941E6D9D21BD5BAA00BAC759 /* Build configuration list for PBXNativeTarget "1.2 Tweets - Templates" */ = {
			isa = XCConfigurationList;
			buildConfigurations = (
				941E6D9E21BD5BAA00BAC759 /* Debug */,
				941E6D9F21BD5BAA00BAC759 /* Release */,
			);
			defaultConfigurationIsVisible = 0;
			defaultConfigurationName = Release;
		};
		941E6DA821BD5BBF00BAC759 /* Build configuration list for PBXNativeTarget "1.3 Tweets - Realisierung" */ = {
			isa = XCConfigurationList;
			buildConfigurations = (
				941E6DA921BD5BBF00BAC759 /* Debug */,
				941E6DAA21BD5BBF00BAC759 /* Release */,
			);
			defaultConfigurationIsVisible = 0;
			defaultConfigurationName = Release;
		};
		94BF046721BD603A00DDB070 /* Build configuration list for PBXNativeTarget "1.1 Tweets - Klassen" */ = {
			isa = XCConfigurationList;
			buildConfigurations = (
				94BF046821BD603A00DDB070 /* Debug */,
				94BF046921BD603A00DDB070 /* Release */,
			);
			defaultConfigurationIsVisible = 0;
			defaultConfigurationName = Release;
		};
		94D95E2321BC5E4A00800868 /* Build configuration list for PBXProject "Algorithmen_und_Datenstrukturen" */ = {
			isa = XCConfigurationList;
			buildConfigurations = (
				94D95E2D21BC5E4A00800868 /* Debug */,
				94D95E2E21BC5E4A00800868 /* Release */,
			);
			defaultConfigurationIsVisible = 0;
			defaultConfigurationName = Release;
		};
		94D95E2F21BC5E4A00800868 /* Build configuration list for PBXNativeTarget "Algorithmen_und_Datenstrukturen" */ = {
			isa = XCConfigurationList;
			buildConfigurations = (
				94D95E3021BC5E4A00800868 /* Debug */,
				94D95E3121BC5E4A00800868 /* Release */,
			);
			defaultConfigurationIsVisible = 0;
			defaultConfigurationName = Release;
		};
/* End XCConfigurationList section */
	};
	rootObject = 94D95E2021BC5E4A00800868 /* Project object */;
}
